
Microsoft Visual Studio Solution File, Format Version 12.00
# Visual Studio Version 17
VisualStudioVersion = 17.12.35707.178 d17.12
MinimumVisualStudioVersion = 10.0.40219.1
Project("{FAE04EC0-301F-11D3-BF4B-00C04F79EFBC}") = "modul10_103022300025", "modul10_103022300025\modul10_103022300025.csproj", "{A2A535D7-F217-4712-A4B6-97F8DA3A956A}"
EndProject
Global
	GlobalSection(SolutionConfigurationPlatforms) = preSolution
		Debug|Any CPU = Debug|Any CPU
		Release|Any CPU = Release|Any CPU
	EndGlobalSection
	GlobalSection(ProjectConfigurationPlatforms) = postSolution
		{A2A535D7-F217-4712-A4B6-97F8DA3A956A}.Debug|Any CPU.ActiveCfg = Debug|Any CPU
		{A2A535D7-F217-4712-A4B6-97F8DA3A956A}.Debug|Any CPU.Build.0 = Debug|Any CPU
		{A2A535D7-F217-4712-A4B6-97F8DA3A956A}.Release|Any CPU.ActiveCfg = Release|Any CPU
		{A2A535D7-F217-4712-A4B6-97F8DA3A956A}.Release|Any CPU.Build.0 = Release|Any CPU
	EndGlobalSection
	GlobalSection(SolutionProperties) = preSolution
		HideSolutionNode = FALSE
	EndGlobalSection
EndGlobal
